
Microsoft Visual Studio Solution File, Format Version 12.00
# Visual Studio Version 17
VisualStudioVersion = 17.7.34221.43
MinimumVisualStudioVersion = 10.0.40219.1
Project("{FAE04EC0-301F-11D3-BF4B-00C04F79EFBC}") = "Assignment_24", "Assignment_24\Assignment_24.csproj", "{9C8C94C4-385C-4D09-9DD8-C3D47912380C}"
EndProject
Global
	GlobalSection(SolutionConfigurationPlatforms) = preSolution
		Debug|Any CPU = Debug|Any CPU
		Release|Any CPU = Release|Any CPU
	EndGlobalSection
	GlobalSection(ProjectConfigurationPlatforms) = postSolution
		{9C8C94C4-385C-4D09-9DD8-C3D47912380C}.Debug|Any CPU.ActiveCfg = Debug|Any CPU
		{9C8C94C4-385C-4D09-9DD8-C3D47912380C}.Debug|Any CPU.Build.0 = Debug|Any CPU
		{9C8C94C4-385C-4D09-9DD8-C3D47912380C}.Release|Any CPU.ActiveCfg = Release|Any CPU
		{9C8C94C4-385C-4D09-9DD8-C3D47912380C}.Release|Any CPU.Build.0 = Release|Any CPU
	EndGlobalSection
	GlobalSection(SolutionProperties) = preSolution
		HideSolutionNode = FALSE
	EndGlobalSection
	GlobalSection(ExtensibilityGlobals) = postSolution
		SolutionGuid = {A6B7A49B-FBDB-4ED4-9657-8FC25178AD2F}
	EndGlobalSection
EndGlobal
